{
  "requires": true,
  "lockfileVersion": 1,
  "dependencies": {
    "async-limiter": {
      "version": "1.0.0",
      "resolved": "https://registry.npmjs.org/async-limiter/-/async-limiter-1.0.0.tgz",
      "integrity": "sha512-jp/uFnooOiO+L211eZOoSyzpOITMXx1rBITauYykG3BRYPu8h0UcxsPNB04RR5vo4Tyz3+ay17tR6JVf9qzYWg=="
    },
    "core-util-is": {
      "version": "1.0.2",
      "resolved": "https://registry.npmjs.org/core-util-is/-/core-util-is-1.0.2.tgz",
      "integrity": "sha1-tf1UIgqivFq1eqtxQMlAdUUDwac="
    },
    "docker-browser-console": {
      "version": "file:docker-browser-console",
      "requires": {
        "brfs": "1.4.3",
        "browserify": "14.4.0",
        "computed-style": "0.1.4",
        "defaultcss": "0.0.2",
        "docker-run": "3.1.0",
        "duplexify": "3.5.1",
        "ndjson": "1.5.0",
        "term.js": "0.0.4",
        "xtend": "4.0.1"
      },
      "dependencies": {
        "acorn": {
          "version": "5.1.2",
          "bundled": true
        },
        "amdefine": {
          "version": "1.0.1",
          "bundled": true,
          "optional": true
        },
        "array-filter": {
          "version": "0.0.1",
          "bundled": true
        },
        "array-map": {
          "version": "0.0.0",
          "bundled": true
        },
        "array-reduce": {
          "version": "0.0.0",
          "bundled": true
        },
        "asn1.js": {
          "version": "4.9.1",
          "bundled": true,
          "requires": {
            "bn.js": "4.11.8",
            "inherits": "2.0.3",
            "minimalistic-assert": "1.0.0"
          }
        },
        "assert": {
          "version": "1.4.1",
          "bundled": true,
          "requires": {
            "util": "0.10.3"
          }
        },
        "astw": {
          "version": "2.2.0",
          "bundled": true,
          "requires": {
            "acorn": "4.0.13"
          },
          "dependencies": {
            "acorn": {
              "version": "4.0.13",
              "bundled": true
            }
          }
        },
        "async-limiter": {
          "version": "1.0.0",
          "bundled": true
        },
        "balanced-match": {
          "version": "1.0.0",
          "bundled": true
        },
        "base64-js": {
          "version": "1.2.1",
          "bundled": true
        },
        "bn.js": {
          "version": "4.11.8",
          "bundled": true
        },
        "brace-expansion": {
          "version": "1.1.8",
          "bundled": true,
          "requires": {
            "balanced-match": "1.0.0",
            "concat-map": "0.0.1"
          }
        },
        "brfs": {
          "version": "1.4.3",
          "bundled": true,
          "requires": {
            "quote-stream": "1.0.2",
            "resolve": "1.4.0",
            "static-module": "1.5.0",
            "through2": "2.0.3"
          }
        },
        "brorand": {
          "version": "1.1.0",
          "bundled": true
        },
        "browser-pack": {
          "version": "6.0.2",
          "bundled": true,
          "requires": {
            "combine-source-map": "0.7.2",
            "defined": "1.0.0",
            "JSONStream": "1.3.1",
            "through2": "2.0.3",
            "umd": "3.0.1"
          }
        },
        "browser-resolve": {
          "version": "1.11.2",
          "bundled": true,
          "requires": {
            "resolve": "1.1.7"
          },
          "dependencies": {
            "resolve": {
              "version": "1.1.7",
              "bundled": true
            }
          }
        },
        "browserify": {
          "version": "14.4.0",
          "bundled": true,
          "requires": {
            "assert": "1.4.1",
            "browser-pack": "6.0.2",
            "browser-resolve": "1.11.2",
            "browserify-zlib": "0.1.4",
            "buffer": "5.0.8",
            "cached-path-relative": "1.0.1",
            "concat-stream": "1.5.2",
            "console-browserify": "1.1.0",
            "constants-browserify": "1.0.0",
            "crypto-browserify": "3.11.1",
            "defined": "1.0.0",
            "deps-sort": "2.0.0",
            "domain-browser": "1.1.7",
            "duplexer2": "0.1.4",
            "events": "1.1.1",
            "glob": "7.1.2",
            "has": "1.0.1",
            "htmlescape": "1.1.1",
            "https-browserify": "1.0.0",
            "inherits": "2.0.3",
            "insert-module-globals": "7.0.1",
            "JSONStream": "1.3.1",
            "labeled-stream-splicer": "2.0.0",
            "module-deps": "4.1.1",
            "os-browserify": "0.1.2",
            "parents": "1.0.1",
            "path-browserify": "0.0.0",
            "process": "0.11.10",
            "punycode": "1.4.1",
            "querystring-es3": "0.2.1",
            "read-only-stream": "2.0.0",
            "readable-stream": "2.3.3",
            "resolve": "1.4.0",
            "shasum": "1.0.2",
            "shell-quote": "1.6.1",
            "stream-browserify": "2.0.1",
            "stream-http": "2.7.2",
            "string_decoder": "1.0.3",
            "subarg": "1.0.0",
            "syntax-error": "1.3.0",
            "through2": "2.0.3",
            "timers-browserify": "1.4.2",
            "tty-browserify": "0.0.0",
            "url": "0.11.0",
            "util": "0.10.3",
            "vm-browserify": "0.0.4",
            "xtend": "4.0.1"
          },
          "dependencies": {
            "concat-stream": {
              "version": "1.5.2",
              "bundled": true,
              "requires": {
                "inherits": "2.0.3",
                "readable-stream": "2.0.6",
                "typedarray": "0.0.6"
              },
              "dependencies": {
                "readable-stream": {
                  "version": "2.0.6",
                  "bundled": true,
                  "requires": {
                    "core-util-is": "1.0.2",
                    "inherits": "2.0.3",
                    "isarray": "1.0.0",
                    "process-nextick-args": "1.0.7",
                    "string_decoder": "0.10.31",
                    "util-deprecate": "1.0.2"
                  }
                },
                "string_decoder": {
                  "version": "0.10.31",
                  "bundled": true
                }
              }
            },
            "duplexer2": {
              "version": "0.1.4",
              "bundled": true,
              "requires": {
                "readable-stream": "2.3.3"
              }
            }
          }
        },
        "browserify-aes": {
          "version": "1.0.8",
          "bundled": true,
          "requires": {
            "buffer-xor": "1.0.3",
            "cipher-base": "1.0.4",
            "create-hash": "1.1.3",
            "evp_bytestokey": "1.0.3",
            "inherits": "2.0.3",
            "safe-buffer": "5.1.1"
          }
        },
        "browserify-cipher": {
          "version": "1.0.0",
          "bundled": true,
          "requires": {
            "browserify-aes": "1.0.8",
            "browserify-des": "1.0.0",
            "evp_bytestokey": "1.0.3"
          }
        },
        "browserify-des": {
          "version": "1.0.0",
          "bundled": true,
          "requires": {
            "cipher-base": "1.0.4",
            "des.js": "1.0.0",
            "inherits": "2.0.3"
          }
        },
        "browserify-rsa": {
          "version": "4.0.1",
          "bundled": true,
          "requires": {
            "bn.js": "4.11.8",
            "randombytes": "2.0.5"
          }
        },
        "browserify-sign": {
          "version": "4.0.4",
          "bundled": true,
          "requires": {
            "bn.js": "4.11.8",
            "browserify-rsa": "4.0.1",
            "create-hash": "1.1.3",
            "create-hmac": "1.1.6",
            "elliptic": "6.4.0",
            "inherits": "2.0.3",
            "parse-asn1": "5.1.0"
          }
        },
        "browserify-zlib": {
          "version": "0.1.4",
          "bundled": true,
          "requires": {
            "pako": "0.2.9"
          }
        },
        "buffer": {
          "version": "5.0.8",
          "bundled": true,
          "requires": {
            "base64-js": "1.2.1",
            "ieee754": "1.1.8"
          }
        },
        "buffer-equal": {
          "version": "0.0.1",
          "bundled": true
        },
        "buffer-xor": {
          "version": "1.0.3",
          "bundled": true
        },
        "builtin-status-codes": {
          "version": "3.0.0",
          "bundled": true
        },
        "cached-path-relative": {
          "version": "1.0.1",
          "bundled": true
        },
        "cipher-base": {
          "version": "1.0.4",
          "bundled": true,
          "requires": {
            "inherits": "2.0.3",
            "safe-buffer": "5.1.1"
          }
        },
        "combine-source-map": {
          "version": "0.7.2",
          "bundled": true,
          "requires": {
            "convert-source-map": "1.1.3",
            "inline-source-map": "0.6.2",
            "lodash.memoize": "3.0.4",
            "source-map": "0.5.7"
          },
          "dependencies": {
            "source-map": {
              "version": "0.5.7",
              "bundled": true
            }
          }
        },
        "computed-style": {
          "version": "0.1.4",
          "bundled": true
        },
        "concat-map": {
          "version": "0.0.1",
          "bundled": true
        },
        "concat-stream": {
          "version": "1.6.0",
          "bundled": true,
          "requires": {
            "inherits": "2.0.3",
            "readable-stream": "2.3.3",
            "typedarray": "0.0.6"
          }
        },
        "console-browserify": {
          "version": "1.1.0",
          "bundled": true,
          "requires": {
            "date-now": "0.1.4"
          }
        },
        "constants-browserify": {
          "version": "1.0.0",
          "bundled": true
        },
        "convert-source-map": {
          "version": "1.1.3",
          "bundled": true
        },
        "core-util-is": {
          "version": "1.0.2",
          "bundled": true
        },
        "create-ecdh": {
          "version": "4.0.0",
          "bundled": true,
          "requires": {
            "bn.js": "4.11.8",
            "elliptic": "6.4.0"
          }
        },
        "create-hash": {
          "version": "1.1.3",
          "bundled": true,
          "requires": {
            "cipher-base": "1.0.4",
            "inherits": "2.0.3",
            "ripemd160": "2.0.1",
            "sha.js": "2.4.9"
          }
        },
        "create-hmac": {
          "version": "1.1.6",
          "bundled": true,
          "requires": {
            "cipher-base": "1.0.4",
            "create-hash": "1.1.3",
            "inherits": "2.0.3",
            "ripemd160": "2.0.1",
            "safe-buffer": "5.1.1",
            "sha.js": "2.4.9"
          }
        },
        "crypto-browserify": {
          "version": "3.11.1",
          "bundled": true,
          "requires": {
            "browserify-cipher": "1.0.0",
            "browserify-sign": "4.0.4",
            "create-ecdh": "4.0.0",
            "create-hash": "1.1.3",
            "create-hmac": "1.1.6",
            "diffie-hellman": "5.0.2",
            "inherits": "2.0.3",
            "pbkdf2": "3.0.14",
            "public-encrypt": "4.0.0",
            "randombytes": "2.0.5"
          }
        },
        "date-now": {
          "version": "0.1.4",
          "bundled": true
        },
        "debug": {
          "version": "1.0.5",
          "bundled": true,
          "requires": {
            "ms": "2.0.0"
          }
        },
        "defaultcss": {
          "version": "0.0.2",
          "bundled": true
        },
        "defined": {
          "version": "1.0.0",
          "bundled": true
        },
        "deps-sort": {
          "version": "2.0.0",
          "bundled": true,
          "requires": {
            "JSONStream": "1.3.1",
            "shasum": "1.0.2",
            "subarg": "1.0.0",
            "through2": "2.0.3"
          }
        },
        "des.js": {
          "version": "1.0.0",
          "bundled": true,
          "requires": {
            "inherits": "2.0.3",
            "minimalistic-assert": "1.0.0"
          }
        },
        "detective": {
          "version": "4.5.0",
          "bundled": true,
          "requires": {
            "acorn": "4.0.13",
            "defined": "1.0.0"
          },
          "dependencies": {
            "acorn": {
              "version": "4.0.13",
              "bundled": true
            }
          }
        },
        "diffie-hellman": {
          "version": "5.0.2",
          "bundled": true,
          "requires": {
            "bn.js": "4.11.8",
            "miller-rabin": "4.0.1",
            "randombytes": "2.0.5"
          }
        },
        "docker-host": {
          "version": "3.1.0",
          "bundled": true
        },
        "docker-raw-stream": {
          "version": "1.3.1",
          "bundled": true,
          "requires": {
            "through2": "0.5.1"
          },
          "dependencies": {
            "isarray": {
              "version": "0.0.1",
              "bundled": true
            },
            "readable-stream": {
              "version": "1.0.34",
              "bundled": true,
              "requires": {
                "core-util-is": "1.0.2",
                "inherits": "2.0.3",
                "isarray": "0.0.1",
                "string_decoder": "0.10.31"
              }
            },
            "string_decoder": {
              "version": "0.10.31",
              "bundled": true
            },
            "through2": {
              "version": "0.5.1",
              "bundled": true,
              "requires": {
                "readable-stream": "1.0.34",
                "xtend": "3.0.0"
              }
            },
            "xtend": {
              "version": "3.0.0",
              "bundled": true
            }
          }
        },
        "docker-remote-api": {
          "version": "4.4.1",
          "bundled": true,
          "requires": {
            "concat-stream": "1.6.0",
            "docker-host": "3.1.0",
            "once": "1.4.0",
            "xtend": "3.0.0"
          },
          "dependencies": {
            "xtend": {
              "version": "3.0.0",
              "bundled": true
            }
          }
        },
        "docker-run": {
          "version": "3.1.0",
          "bundled": true,
          "requires": {
            "debug": "1.0.5",
            "docker-raw-stream": "1.3.1",
            "docker-remote-api": "4.4.1",
            "minimist": "1.2.0",
            "pump": "1.0.2",
            "through2": "0.6.5"
          },
          "dependencies": {
            "isarray": {
              "version": "0.0.1",
              "bundled": true
            },
            "readable-stream": {
              "version": "1.0.34",
              "bundled": true,
              "requires": {
                "core-util-is": "1.0.2",
                "inherits": "2.0.3",
                "isarray": "0.0.1",
                "string_decoder": "0.10.31"
              }
            },
            "string_decoder": {
              "version": "0.10.31",
              "bundled": true
            },
            "through2": {
              "version": "0.6.5",
              "bundled": true,
              "requires": {
                "readable-stream": "1.0.34",
                "xtend": "4.0.1"
              }
            }
          }
        },
        "domain-browser": {
          "version": "1.1.7",
          "bundled": true
        },
        "duplexer2": {
          "version": "0.0.2",
          "bundled": true,
          "requires": {
            "readable-stream": "1.1.14"
          },
          "dependencies": {
            "isarray": {
              "version": "0.0.1",
              "bundled": true
            },
            "readable-stream": {
              "version": "1.1.14",
              "bundled": true,
              "requires": {
                "core-util-is": "1.0.2",
                "inherits": "2.0.3",
                "isarray": "0.0.1",
                "string_decoder": "0.10.31"
              }
            },
            "string_decoder": {
              "version": "0.10.31",
              "bundled": true
            }
          }
        },
        "duplexify": {
          "version": "3.5.1",
          "bundled": true,
          "requires": {
            "end-of-stream": "1.4.0",
            "inherits": "2.0.3",
            "readable-stream": "2.3.3",
            "stream-shift": "1.0.0"
          }
        },
        "elliptic": {
          "version": "6.4.0",
          "bundled": true,
          "requires": {
            "bn.js": "4.11.8",
            "brorand": "1.1.0",
            "hash.js": "1.1.3",
            "hmac-drbg": "1.0.1",
            "inherits": "2.0.3",
            "minimalistic-assert": "1.0.0",
            "minimalistic-crypto-utils": "1.0.1"
          }
        },
        "end-of-stream": {
          "version": "1.4.0",
          "bundled": true,
          "requires": {
            "once": "1.4.0"
          }
        },
        "escodegen": {
          "version": "1.3.3",
          "bundled": true,
          "requires": {
            "esprima": "1.1.1",
            "estraverse": "1.5.1",
            "esutils": "1.0.0",
            "source-map": "0.1.43"
          }
        },
        "esprima": {
          "version": "1.1.1",
          "bundled": true
        },
        "estraverse": {
          "version": "1.5.1",
          "bundled": true
        },
        "esutils": {
          "version": "1.0.0",
          "bundled": true
        },
        "events": {
          "version": "1.1.1",
          "bundled": true
        },
        "evp_bytestokey": {
          "version": "1.0.3",
          "bundled": true,
          "requires": {
            "md5.js": "1.3.4",
            "safe-buffer": "5.1.1"
          }
        },
        "falafel": {
          "version": "2.1.0",
          "bundled": true,
          "requires": {
            "acorn": "5.1.2",
            "foreach": "2.0.5",
            "isarray": "0.0.1",
            "object-keys": "1.0.11"
          },
          "dependencies": {
            "isarray": {
              "version": "0.0.1",
              "bundled": true
            }
          }
        },
        "foreach": {
          "version": "2.0.5",
          "bundled": true
        },
        "fs.realpath": {
          "version": "1.0.0",
          "bundled": true
        },
        "function-bind": {
          "version": "1.1.1",
          "bundled": true
        },
        "glob": {
          "version": "7.1.2",
          "bundled": true,
          "requires": {
            "fs.realpath": "1.0.0",
            "inflight": "1.0.6",
            "inherits": "2.0.3",
            "minimatch": "3.0.4",
            "once": "1.4.0",
            "path-is-absolute": "1.0.1"
          }
        },
        "has": {
          "version": "1.0.1",
          "bundled": true,
          "requires": {
            "function-bind": "1.1.1"
          }
        },
        "hash-base": {
          "version": "2.0.2",
          "bundled": true,
          "requires": {
            "inherits": "2.0.3"
          }
        },
        "hash.js": {
          "version": "1.1.3",
          "bundled": true,
          "requires": {
            "inherits": "2.0.3",
            "minimalistic-assert": "1.0.0"
          }
        },
        "hmac-drbg": {
          "version": "1.0.1",
          "bundled": true,
          "requires": {
            "hash.js": "1.1.3",
            "minimalistic-assert": "1.0.0",
            "minimalistic-crypto-utils": "1.0.1"
          }
        },
        "htmlescape": {
          "version": "1.1.1",
          "bundled": true
        },
        "https-browserify": {
          "version": "1.0.0",
          "bundled": true
        },
        "ieee754": {
          "version": "1.1.8",
          "bundled": true
        },
        "indexof": {
          "version": "0.0.1",
          "bundled": true
        },
        "inflight": {
          "version": "1.0.6",
          "bundled": true,
          "requires": {
            "once": "1.4.0",
            "wrappy": "1.0.2"
          }
        },
        "inherits": {
          "version": "2.0.3",
          "bundled": true
        },
        "inline-source-map": {
          "version": "0.6.2",
          "bundled": true,
          "requires": {
            "source-map": "0.5.7"
          },
          "dependencies": {
            "source-map": {
              "version": "0.5.7",
              "bundled": true
            }
          }
        },
        "insert-module-globals": {
          "version": "7.0.1",
          "bundled": true,
          "requires": {
            "combine-source-map": "0.7.2",
            "concat-stream": "1.5.2",
            "is-buffer": "1.1.5",
            "JSONStream": "1.3.1",
            "lexical-scope": "1.2.0",
            "process": "0.11.10",
            "through2": "2.0.3",
            "xtend": "4.0.1"
          },
          "dependencies": {
            "concat-stream": {
              "version": "1.5.2",
              "bundled": true,
              "requires": {
                "inherits": "2.0.3",
                "readable-stream": "2.0.6",
                "typedarray": "0.0.6"
              }
            },
            "readable-stream": {
              "version": "2.0.6",
              "bundled": true,
              "requires": {
                "core-util-is": "1.0.2",
                "inherits": "2.0.3",
                "isarray": "1.0.0",
                "process-nextick-args": "1.0.7",
                "string_decoder": "0.10.31",
                "util-deprecate": "1.0.2"
              }
            },
            "string_decoder": {
              "version": "0.10.31",
              "bundled": true
            }
          }
        },
        "is-buffer": {
          "version": "1.1.5",
          "bundled": true
        },
        "isarray": {
          "version": "1.0.0",
          "bundled": true
        },
        "json-stable-stringify": {
          "version": "0.0.1",
          "bundled": true,
          "requires": {
            "jsonify": "0.0.0"
          }
        },
        "json-stringify-safe": {
          "version": "5.0.1",
          "bundled": true
        },
        "jsonify": {
          "version": "0.0.0",
          "bundled": true
        },
        "jsonparse": {
          "version": "1.3.1",
          "bundled": true
        },
        "JSONStream": {
          "version": "1.3.1",
          "bundled": true,
          "requires": {
            "jsonparse": "1.3.1",
            "through": "2.3.8"
          }
        },
        "labeled-stream-splicer": {
          "version": "2.0.0",
          "bundled": true,
          "requires": {
            "inherits": "2.0.3",
            "isarray": "0.0.1",
            "stream-splicer": "2.0.0"
          },
          "dependencies": {
            "isarray": {
              "version": "0.0.1",
              "bundled": true
            }
          }
        },
        "lexical-scope": {
          "version": "1.2.0",
          "bundled": true,
          "requires": {
            "astw": "2.2.0"
          }
        },
        "lodash.memoize": {
          "version": "3.0.4",
          "bundled": true
        },
        "md5.js": {
          "version": "1.3.4",
          "bundled": true,
          "requires": {
            "hash-base": "3.0.4",
            "inherits": "2.0.3"
          },
          "dependencies": {
            "hash-base": {
              "version": "3.0.4",
              "bundled": true,
              "requires": {
                "inherits": "2.0.3",
                "safe-buffer": "5.1.1"
              }
            }
          }
        },
        "miller-rabin": {
          "version": "4.0.1",
          "bundled": true,
          "requires": {
            "bn.js": "4.11.8",
            "brorand": "1.1.0"
          }
        },
        "minimalistic-assert": {
          "version": "1.0.0",
          "bundled": true
        },
        "minimalistic-crypto-utils": {
          "version": "1.0.1",
          "bundled": true
        },
        "minimatch": {
          "version": "3.0.4",
          "bundled": true,
          "requires": {
            "brace-expansion": "1.1.8"
          }
        },
        "minimist": {
          "version": "1.2.0",
          "bundled": true
        },
        "module-deps": {
          "version": "4.1.1",
          "bundled": true,
          "requires": {
            "browser-resolve": "1.11.2",
            "cached-path-relative": "1.0.1",
            "concat-stream": "1.5.2",
            "defined": "1.0.0",
            "detective": "4.5.0",
            "duplexer2": "0.1.4",
            "inherits": "2.0.3",
            "JSONStream": "1.3.1",
            "parents": "1.0.1",
            "readable-stream": "2.3.3",
            "resolve": "1.4.0",
            "stream-combiner2": "1.1.1",
            "subarg": "1.0.0",
            "through2": "2.0.3",
            "xtend": "4.0.1"
          },
          "dependencies": {
            "concat-stream": {
              "version": "1.5.2",
              "bundled": true,
              "requires": {
                "inherits": "2.0.3",
                "readable-stream": "2.0.6",
                "typedarray": "0.0.6"
              },
              "dependencies": {
                "readable-stream": {
                  "version": "2.0.6",
                  "bundled": true,
                  "requires": {
                    "core-util-is": "1.0.2",
                    "inherits": "2.0.3",
                    "isarray": "1.0.0",
                    "process-nextick-args": "1.0.7",
                    "string_decoder": "0.10.31",
                    "util-deprecate": "1.0.2"
                  }
                }
              }
            },
            "duplexer2": {
              "version": "0.1.4",
              "bundled": true,
              "requires": {
                "readable-stream": "2.3.3"
              }
            },
            "string_decoder": {
              "version": "0.10.31",
              "bundled": true
            }
          }
        },
        "ms": {
          "version": "2.0.0",
          "bundled": true
        },
        "ndjson": {
          "version": "1.5.0",
          "bundled": true,
          "requires": {
            "json-stringify-safe": "5.0.1",
            "minimist": "1.2.0",
            "split2": "2.2.0",
            "through2": "2.0.3"
          }
        },
        "object-inspect": {
          "version": "0.4.0",
          "bundled": true
        },
        "object-keys": {
          "version": "1.0.11",
          "bundled": true
        },
        "once": {
          "version": "1.4.0",
          "bundled": true,
          "requires": {
            "wrappy": "1.0.2"
          }
        },
        "os-browserify": {
          "version": "0.1.2",
          "bundled": true
        },
        "pako": {
          "version": "0.2.9",
          "bundled": true
        },
        "parents": {
          "version": "1.0.1",
          "bundled": true,
          "requires": {
            "path-platform": "0.11.15"
          }
        },
        "parse-asn1": {
          "version": "5.1.0",
          "bundled": true,
          "requires": {
            "asn1.js": "4.9.1",
            "browserify-aes": "1.0.8",
            "create-hash": "1.1.3",
            "evp_bytestokey": "1.0.3",
            "pbkdf2": "3.0.14"
          }
        },
        "path-browserify": {
          "version": "0.0.0",
          "bundled": true
        },
        "path-is-absolute": {
          "version": "1.0.1",
          "bundled": true
        },
        "path-parse": {
          "version": "1.0.5",
          "bundled": true
        },
        "path-platform": {
          "version": "0.11.15",
          "bundled": true
        },
        "pbkdf2": {
          "version": "3.0.14",
          "bundled": true,
          "requires": {
            "create-hash": "1.1.3",
            "create-hmac": "1.1.6",
            "ripemd160": "2.0.1",
            "safe-buffer": "5.1.1",
            "sha.js": "2.4.9"
          }
        },
        "process": {
          "version": "0.11.10",
          "bundled": true
        },
        "process-nextick-args": {
          "version": "1.0.7",
          "bundled": true
        },
        "public-encrypt": {
          "version": "4.0.0",
          "bundled": true,
          "requires": {
            "bn.js": "4.11.8",
            "browserify-rsa": "4.0.1",
            "create-hash": "1.1.3",
            "parse-asn1": "5.1.0",
            "randombytes": "2.0.5"
          }
        },
        "pump": {
          "version": "1.0.2",
          "bundled": true,
          "requires": {
            "end-of-stream": "1.4.0",
            "once": "1.4.0"
          }
        },
        "punycode": {
          "version": "1.4.1",
          "bundled": true
        },
        "querystring": {
          "version": "0.2.0",
          "bundled": true
        },
        "querystring-es3": {
          "version": "0.2.1",
          "bundled": true
        },
        "quote-stream": {
          "version": "1.0.2",
          "bundled": true,
          "requires": {
            "buffer-equal": "0.0.1",
            "minimist": "1.2.0",
            "through2": "2.0.3"
          }
        },
        "randombytes": {
          "version": "2.0.5",
          "bundled": true,
          "requires": {
            "safe-buffer": "5.1.1"
          }
        },
        "read-only-stream": {
          "version": "2.0.0",
          "bundled": true,
          "requires": {
            "readable-stream": "2.3.3"
          }
        },
        "readable-stream": {
          "version": "2.3.3",
          "bundled": true,
          "requires": {
            "core-util-is": "1.0.2",
            "inherits": "2.0.3",
            "isarray": "1.0.0",
            "process-nextick-args": "1.0.7",
            "safe-buffer": "5.1.1",
            "string_decoder": "1.0.3",
            "util-deprecate": "1.0.2"
          }
        },
        "resolve": {
          "version": "1.4.0",
          "bundled": true,
          "requires": {
            "path-parse": "1.0.5"
          }
        },
        "ripemd160": {
          "version": "2.0.1",
          "bundled": true,
          "requires": {
            "hash-base": "2.0.2",
            "inherits": "2.0.3"
          }
        },
        "safe-buffer": {
          "version": "5.1.1",
          "bundled": true
        },
        "sha.js": {
          "version": "2.4.9",
          "bundled": true,
          "requires": {
            "inherits": "2.0.3",
            "safe-buffer": "5.1.1"
          }
        },
        "shallow-copy": {
          "version": "0.0.1",
          "bundled": true
        },
        "shasum": {
          "version": "1.0.2",
          "bundled": true,
          "requires": {
            "json-stable-stringify": "0.0.1",
            "sha.js": "2.4.9"
          }
        },
        "shell-quote": {
          "version": "1.6.1",
          "bundled": true,
          "requires": {
            "array-filter": "0.0.1",
            "array-map": "0.0.0",
            "array-reduce": "0.0.0",
            "jsonify": "0.0.0"
          }
        },
        "source-map": {
          "version": "0.1.43",
          "bundled": true,
          "optional": true,
          "requires": {
            "amdefine": "1.0.1"
          }
        },
        "split2": {
          "version": "2.2.0",
          "bundled": true,
          "requires": {
            "through2": "2.0.3"
          }
        },
        "static-eval": {
          "version": "0.2.4",
          "bundled": true,
          "requires": {
            "escodegen": "0.0.28"
          },
          "dependencies": {
            "escodegen": {
              "version": "0.0.28",
              "bundled": true,
              "requires": {
                "esprima": "1.0.4",
                "estraverse": "1.3.2",
                "source-map": "0.1.43"
              }
            },
            "esprima": {
              "version": "1.0.4",
              "bundled": true
            },
            "estraverse": {
              "version": "1.3.2",
              "bundled": true
            }
          }
        },
        "static-module": {
          "version": "1.5.0",
          "bundled": true,
          "requires": {
            "concat-stream": "1.6.0",
            "duplexer2": "0.0.2",
            "escodegen": "1.3.3",
            "falafel": "2.1.0",
            "has": "1.0.1",
            "object-inspect": "0.4.0",
            "quote-stream": "0.0.0",
            "readable-stream": "1.0.34",
            "shallow-copy": "0.0.1",
            "static-eval": "0.2.4",
            "through2": "0.4.2"
          },
          "dependencies": {
            "isarray": {
              "version": "0.0.1",
              "bundled": true
            },
            "minimist": {
              "version": "0.0.8",
              "bundled": true
            },
            "object-keys": {
              "version": "0.4.0",
              "bundled": true
            },
            "quote-stream": {
              "version": "0.0.0",
              "bundled": true,
              "requires": {
                "minimist": "0.0.8",
                "through2": "0.4.2"
              }
            },
            "readable-stream": {
              "version": "1.0.34",
              "bundled": true,
              "requires": {
                "core-util-is": "1.0.2",
                "inherits": "2.0.3",
                "isarray": "0.0.1",
                "string_decoder": "0.10.31"
              }
            },
            "string_decoder": {
              "version": "0.10.31",
              "bundled": true
            },
            "through2": {
              "version": "0.4.2",
              "bundled": true,
              "requires": {
                "readable-stream": "1.0.34",
                "xtend": "2.1.2"
              }
            },
            "xtend": {
              "version": "2.1.2",
              "bundled": true,
              "requires": {
                "object-keys": "0.4.0"
              }
            }
          }
        },
        "stream-browserify": {
          "version": "2.0.1",
          "bundled": true,
          "requires": {
            "inherits": "2.0.3",
            "readable-stream": "2.3.3"
          }
        },
        "stream-combiner2": {
          "version": "1.1.1",
          "bundled": true,
          "requires": {
            "duplexer2": "0.1.4",
            "readable-stream": "2.3.3"
          },
          "dependencies": {
            "duplexer2": {
              "version": "0.1.4",
              "bundled": true,
              "requires": {
                "readable-stream": "2.3.3"
              }
            }
          }
        },
        "stream-http": {
          "version": "2.7.2",
          "bundled": true,
          "requires": {
            "builtin-status-codes": "3.0.0",
            "inherits": "2.0.3",
            "readable-stream": "2.3.3",
            "to-arraybuffer": "1.0.1",
            "xtend": "4.0.1"
          }
        },
        "stream-shift": {
          "version": "1.0.0",
          "bundled": true
        },
        "stream-splicer": {
          "version": "2.0.0",
          "bundled": true,
          "requires": {
            "inherits": "2.0.3",
            "readable-stream": "2.3.3"
          }
        },
        "string_decoder": {
          "version": "1.0.3",
          "bundled": true,
          "requires": {
            "safe-buffer": "5.1.1"
          }
        },
        "subarg": {
          "version": "1.0.0",
          "bundled": true,
          "requires": {
            "minimist": "1.2.0"
          }
        },
        "syntax-error": {
          "version": "1.3.0",
          "bundled": true,
          "requires": {
            "acorn": "4.0.13"
          },
          "dependencies": {
            "acorn": {
              "version": "4.0.13",
              "bundled": true
            }
          }
        },
        "term.js": {
          "version": "0.0.4",
          "bundled": true
        },
        "through": {
          "version": "2.3.8",
          "bundled": true
        },
        "through2": {
          "version": "2.0.3",
          "bundled": true,
          "requires": {
            "readable-stream": "2.3.3",
            "xtend": "4.0.1"
          }
        },
        "timers-browserify": {
          "version": "1.4.2",
          "bundled": true,
          "requires": {
            "process": "0.11.10"
          }
        },
        "to-arraybuffer": {
          "version": "1.0.1",
          "bundled": true
        },
        "tty-browserify": {
          "version": "0.0.0",
          "bundled": true
        },
        "typedarray": {
          "version": "0.0.6",
          "bundled": true
        },
        "ultron": {
          "version": "1.1.0",
          "bundled": true
        },
        "umd": {
          "version": "3.0.1",
          "bundled": true
        },
        "url": {
          "version": "0.11.0",
          "bundled": true,
          "requires": {
            "punycode": "1.3.2",
            "querystring": "0.2.0"
          },
          "dependencies": {
            "punycode": {
              "version": "1.3.2",
              "bundled": true
            }
          }
        },
        "util": {
          "version": "0.10.3",
          "bundled": true,
          "requires": {
            "inherits": "2.0.1"
          },
          "dependencies": {
            "inherits": {
              "version": "2.0.1",
              "bundled": true
            }
          }
        },
        "util-deprecate": {
          "version": "1.0.2",
          "bundled": true
        },
        "vm-browserify": {
          "version": "0.0.4",
          "bundled": true,
          "requires": {
            "indexof": "0.0.1"
          }
        },
        "websocket-stream": {
          "version": "5.0.1",
          "bundled": true,
          "requires": {
            "duplexify": "3.5.1",
            "inherits": "2.0.3",
            "readable-stream": "2.3.3",
            "safe-buffer": "5.1.1",
            "ws": "3.2.0",
            "xtend": "4.0.1"
          }
        },
        "wrappy": {
          "version": "1.0.2",
          "bundled": true
        },
        "ws": {
          "version": "3.2.0",
          "bundled": true,
          "requires": {
            "async-limiter": "1.0.0",
            "safe-buffer": "5.1.1",
            "ultron": "1.1.0"
          }
        },
        "xtend": {
          "version": "4.0.1",
          "bundled": true
        }
      }
    },
    "duplexify": {
      "version": "3.5.1",
      "resolved": "https://registry.npmjs.org/duplexify/-/duplexify-3.5.1.tgz",
      "integrity": "sha512-j5goxHTwVED1Fpe5hh3q9R93Kip0Bg2KVAt4f8CEYM3UEwYcPSvWbXaUQOzdX/HtiNomipv+gU7ASQPDbV7pGQ==",
      "requires": {
        "end-of-stream": "1.4.0",
        "inherits": "2.0.3",
        "readable-stream": "2.3.3",
        "stream-shift": "1.0.0"
      }
    },
    "end-of-stream": {
      "version": "1.4.0",
      "resolved": "https://registry.npmjs.org/end-of-stream/-/end-of-stream-1.4.0.tgz",
      "integrity": "sha1-epDYM+/abPpurA9JSduw+tOmMgY=",
      "requires": {
        "once": "1.4.0"
      }
    },
    "inherits": {
      "version": "2.0.3",
      "resolved": "https://registry.npmjs.org/inherits/-/inherits-2.0.3.tgz",
      "integrity": "sha1-Yzwsg+PaQqUC9SRmAiSA9CCCYd4="
    },
    "isarray": {
      "version": "1.0.0",
      "resolved": "https://registry.npmjs.org/isarray/-/isarray-1.0.0.tgz",
      "integrity": "sha1-u5NdSFgsuhaMBoNJV6VKPgcSTxE="
    },
    "once": {
      "version": "1.4.0",
      "resolved": "https://registry.npmjs.org/once/-/once-1.4.0.tgz",
      "integrity": "sha1-WDsap3WWHUsROsF9nFC6753Xa9E=",
      "requires": {
        "wrappy": "1.0.2"
      }
    },
    "process-nextick-args": {
      "version": "1.0.7",
      "resolved": "https://registry.npmjs.org/process-nextick-args/-/process-nextick-args-1.0.7.tgz",
      "integrity": "sha1-FQ4gt1ZZCtP5EJPyWk8q2L/zC6M="
    },
    "readable-stream": {
      "version": "2.3.3",
      "resolved": "https://registry.npmjs.org/readable-stream/-/readable-stream-2.3.3.tgz",
      "integrity": "sha512-m+qzzcn7KUxEmd1gMbchF+Y2eIUbieUaxkWtptyHywrX0rE8QEYqPC07Vuy4Wm32/xE16NcdBctb8S0Xe/5IeQ==",
      "requires": {
        "core-util-is": "1.0.2",
        "inherits": "2.0.3",
        "isarray": "1.0.0",
        "process-nextick-args": "1.0.7",
        "safe-buffer": "5.1.1",
        "string_decoder": "1.0.3",
        "util-deprecate": "1.0.2"
      }
    },
    "safe-buffer": {
      "version": "5.1.1",
      "resolved": "https://registry.npmjs.org/safe-buffer/-/safe-buffer-5.1.1.tgz",
      "integrity": "sha512-kKvNJn6Mm93gAczWVJg7wH+wGYWNrDHdWvpUmHyEsgCtIwwo3bqPtV4tR5tuPaUhTOo/kvhVwd8XwwOllGYkbg=="
    },
    "stream-shift": {
      "version": "1.0.0",
      "resolved": "https://registry.npmjs.org/stream-shift/-/stream-shift-1.0.0.tgz",
      "integrity": "sha1-1cdSgl5TZ+eG944Y5EXqIjoVWVI="
    },
    "string_decoder": {
      "version": "1.0.3",
      "resolved": "https://registry.npmjs.org/string_decoder/-/string_decoder-1.0.3.tgz",
      "integrity": "sha512-4AH6Z5fzNNBcH+6XDMfA/BTt87skxqJlO0lAh3Dker5zThcAxG6mKz+iGu308UKoPPQ8Dcqx/4JhujzltRa+hQ==",
      "requires": {
        "safe-buffer": "5.1.1"
      }
    },
    "ultron": {
      "version": "1.1.0",
      "resolved": "https://registry.npmjs.org/ultron/-/ultron-1.1.0.tgz",
      "integrity": "sha1-sHoualQagV/Go0zNRTO67DB8qGQ="
    },
    "util-deprecate": {
      "version": "1.0.2",
      "resolved": "https://registry.npmjs.org/util-deprecate/-/util-deprecate-1.0.2.tgz",
      "integrity": "sha1-RQ1Nyfpw3nMnYvvS1KKJgUGaDM8="
    },
    "websocket-stream": {
      "version": "5.0.1",
      "resolved": "https://registry.npmjs.org/websocket-stream/-/websocket-stream-5.0.1.tgz",
      "integrity": "sha512-N3X0rs/ucnccDdyn5GkwD7HVjtvcE3scSmYzdndzma/3ovQpjUxDRP71nTliph9EpXYt9fXbdCVL+e6JuguC+A==",
      "requires": {
        "duplexify": "3.5.1",
        "inherits": "2.0.3",
        "readable-stream": "2.3.3",
        "safe-buffer": "5.1.1",
        "ws": "3.2.0",
        "xtend": "4.0.1"
      }
    },
    "wrappy": {
      "version": "1.0.2",
      "resolved": "https://registry.npmjs.org/wrappy/-/wrappy-1.0.2.tgz",
      "integrity": "sha1-tSQ9jz7BqjXxNkYFvA0QNuMKtp8="
    },
    "ws": {
      "version": "3.2.0",
      "resolved": "https://registry.npmjs.org/ws/-/ws-3.2.0.tgz",
      "integrity": "sha512-hTS3mkXm/j85jTQOIcwVz3yK3up9xHgPtgEhDBOH3G18LDOZmSAG1omJeXejLKJakx+okv8vS1sopgs7rw0kVw==",
      "requires": {
        "async-limiter": "1.0.0",
        "safe-buffer": "5.1.1",
        "ultron": "1.1.0"
      }
    },
    "xtend": {
      "version": "4.0.1",
      "resolved": "https://registry.npmjs.org/xtend/-/xtend-4.0.1.tgz",
      "integrity": "sha1-pcbVMr5lbiPbgg77lDofBJmNY68="
    }
  }
}
